
Microsoft Visual Studio Solution File, Format Version 12.00
# Visual Studio Version 16
VisualStudioVersion = 16.0.30907.101
MinimumVisualStudioVersion = 10.0.40219.1
Project("{2150E333-8FDC-42A3-9474-1A3956D46DE8}") = "src", "src", "{EE8CC8EA-8EF8-4777-ADDA-3ACDFA46E81D}"
EndProject
Project("{9A19103F-16F7-4668-BE54-9A1E7A4F7556}") = "ProfitsDistribution.Api", "ProfitsDistribution.Api\ProfitsDistribution.Api.csproj", "{9D98F287-347F-420B-8879-54D32D5F3F89}"
EndProject
Project("{9A19103F-16F7-4668-BE54-9A1E7A4F7556}") = "ProfitsDistribution.Domain", "ProfitsDistribution.Domain\ProfitsDistribution.Domain.csproj", "{ACD95019-8372-4393-9C2F-5EFD26E1352E}"
EndProject
Project("{9A19103F-16F7-4668-BE54-9A1E7A4F7556}") = "ProfitsDistribution.Infra.Data", "ProfitsDistribution.Infra.Data\ProfitsDistribution.Infra.Data.csproj", "{BEB20D9C-ED1B-4799-8FB2-4099C75B7CD0}"
EndProject
Project("{9A19103F-16F7-4668-BE54-9A1E7A4F7556}") = "ProfitsDistribution.CC.IoC", "ProfitsDistribution.CC.IoC\ProfitsDistribution.CC.IoC.csproj", "{C417B1FF-89AC-4EA8-868A-3C75A03FFA99}"
EndProject
Project("{9A19103F-16F7-4668-BE54-9A1E7A4F7556}") = "ProfitsDistribution.Service", "ProfitsDistribution.Service\ProfitsDistribution.Service.csproj", "{5DF3CC17-F6AE-4ECF-A3C6-CAB6E8700C88}"
EndProject
Project("{2150E333-8FDC-42A3-9474-1A3956D46DE8}") = "tests", "tests", "{C0FF55A8-94BA-4391-A0D8-7AC041F5699E}"
EndProject
Project("{9A19103F-16F7-4668-BE54-9A1E7A4F7556}") = "ProfitsDistribution.Api.Tests", "tests\ProfitsDistribution.Api.Tests\ProfitsDistribution.Api.Tests.csproj", "{F80B5B6C-EFA9-46DB-888B-1861166BB2C6}"
EndProject
Project("{9A19103F-16F7-4668-BE54-9A1E7A4F7556}") = "ProfitsDistribution.Domain.Tests", "ProfitsDistribution.Domain.Tests\ProfitsDistribution.Domain.Tests.csproj", "{0EEF139A-B89F-47CC-81BD-AAB9DD30BFED}"
EndProject
Global
	GlobalSection(SolutionConfigurationPlatforms) = preSolution
		Debug|Any CPU = Debug|Any CPU
		Release|Any CPU = Release|Any CPU
	EndGlobalSection
	GlobalSection(ProjectConfigurationPlatforms) = postSolution
		{9D98F287-347F-420B-8879-54D32D5F3F89}.Debug|Any CPU.ActiveCfg = Debug|Any CPU
		{9D98F287-347F-420B-8879-54D32D5F3F89}.Debug|Any CPU.Build.0 = Debug|Any CPU
		{9D98F287-347F-420B-8879-54D32D5F3F89}.Release|Any CPU.ActiveCfg = Release|Any CPU
		{9D98F287-347F-420B-8879-54D32D5F3F89}.Release|Any CPU.Build.0 = Release|Any CPU
		{ACD95019-8372-4393-9C2F-5EFD26E1352E}.Debug|Any CPU.ActiveCfg = Debug|Any CPU
		{ACD95019-8372-4393-9C2F-5EFD26E1352E}.Debug|Any CPU.Build.0 = Debug|Any CPU
		{ACD95019-8372-4393-9C2F-5EFD26E1352E}.Release|Any CPU.ActiveCfg = Release|Any CPU
		{ACD95019-8372-4393-9C2F-5EFD26E1352E}.Release|Any CPU.Build.0 = Release|Any CPU
		{BEB20D9C-ED1B-4799-8FB2-4099C75B7CD0}.Debug|Any CPU.ActiveCfg = Debug|Any CPU
		{BEB20D9C-ED1B-4799-8FB2-4099C75B7CD0}.Debug|Any CPU.Build.0 = Debug|Any CPU
		{BEB20D9C-ED1B-4799-8FB2-4099C75B7CD0}.Release|Any CPU.ActiveCfg = Release|Any CPU
		{BEB20D9C-ED1B-4799-8FB2-4099C75B7CD0}.Release|Any CPU.Build.0 = Release|Any CPU
		{C417B1FF-89AC-4EA8-868A-3C75A03FFA99}.Debug|Any CPU.ActiveCfg = Debug|Any CPU
		{C417B1FF-89AC-4EA8-868A-3C75A03FFA99}.Debug|Any CPU.Build.0 = Debug|Any CPU
		{C417B1FF-89AC-4EA8-868A-3C75A03FFA99}.Release|Any CPU.ActiveCfg = Release|Any CPU
		{C417B1FF-89AC-4EA8-868A-3C75A03FFA99}.Release|Any CPU.Build.0 = Release|Any CPU
		{5DF3CC17-F6AE-4ECF-A3C6-CAB6E8700C88}.Debug|Any CPU.ActiveCfg = Debug|Any CPU
		{5DF3CC17-F6AE-4ECF-A3C6-CAB6E8700C88}.Debug|Any CPU.Build.0 = Debug|Any CPU
		{5DF3CC17-F6AE-4ECF-A3C6-CAB6E8700C88}.Release|Any CPU.ActiveCfg = Release|Any CPU
		{5DF3CC17-F6AE-4ECF-A3C6-CAB6E8700C88}.Release|Any CPU.Build.0 = Release|Any CPU
		{F80B5B6C-EFA9-46DB-888B-1861166BB2C6}.Debug|Any CPU.ActiveCfg = Debug|Any CPU
		{F80B5B6C-EFA9-46DB-888B-1861166BB2C6}.Debug|Any CPU.Build.0 = Debug|Any CPU
		{F80B5B6C-EFA9-46DB-888B-1861166BB2C6}.Release|Any CPU.ActiveCfg = Release|Any CPU
		{F80B5B6C-EFA9-46DB-888B-1861166BB2C6}.Release|Any CPU.Build.0 = Release|Any CPU
		{0EEF139A-B89F-47CC-81BD-AAB9DD30BFED}.Debug|Any CPU.ActiveCfg = Debug|Any CPU
		{0EEF139A-B89F-47CC-81BD-AAB9DD30BFED}.Debug|Any CPU.Build.0 = Debug|Any CPU
		{0EEF139A-B89F-47CC-81BD-AAB9DD30BFED}.Release|Any CPU.ActiveCfg = Release|Any CPU
		{0EEF139A-B89F-47CC-81BD-AAB9DD30BFED}.Release|Any CPU.Build.0 = Release|Any CPU
	EndGlobalSection
	GlobalSection(SolutionProperties) = preSolution
		HideSolutionNode = FALSE
	EndGlobalSection
	GlobalSection(NestedProjects) = preSolution
		{9D98F287-347F-420B-8879-54D32D5F3F89} = {EE8CC8EA-8EF8-4777-ADDA-3ACDFA46E81D}
		{ACD95019-8372-4393-9C2F-5EFD26E1352E} = {EE8CC8EA-8EF8-4777-ADDA-3ACDFA46E81D}
		{BEB20D9C-ED1B-4799-8FB2-4099C75B7CD0} = {EE8CC8EA-8EF8-4777-ADDA-3ACDFA46E81D}
		{C417B1FF-89AC-4EA8-868A-3C75A03FFA99} = {EE8CC8EA-8EF8-4777-ADDA-3ACDFA46E81D}
		{5DF3CC17-F6AE-4ECF-A3C6-CAB6E8700C88} = {EE8CC8EA-8EF8-4777-ADDA-3ACDFA46E81D}
		{F80B5B6C-EFA9-46DB-888B-1861166BB2C6} = {C0FF55A8-94BA-4391-A0D8-7AC041F5699E}
		{0EEF139A-B89F-47CC-81BD-AAB9DD30BFED} = {C0FF55A8-94BA-4391-A0D8-7AC041F5699E}
	EndGlobalSection
	GlobalSection(ExtensibilityGlobals) = postSolution
		SolutionGuid = {B8993D62-F3A8-4DAF-8E4E-B9D3886CA45C}
	EndGlobalSection
EndGlobal
